
Microsoft Visual Studio Solution File, Format Version 12.00
# Visual Studio 14
VisualStudioVersion = 14.0.25420.1
MinimumVisualStudioVersion = 10.0.40219.1
Project("{FAE04EC0-301F-11D3-BF4B-00C04F79EFBC}") = "Task1_Form", "Task1_Form\Task1_Form.csproj", "{004054F6-241F-4BFE-8796-CAF42D9D7405}"
EndProject
Project("{FAE04EC0-301F-11D3-BF4B-00C04F79EFBC}") = "Task1_BL", "Task1_BL\Task1_BL.csproj", "{0864EAC0-8C87-406E-9279-8F02264B8C3A}"
EndProject
Global
	GlobalSection(SolutionConfigurationPlatforms) = preSolution
		Debug|Any CPU = Debug|Any CPU
		Release|Any CPU = Release|Any CPU
	EndGlobalSection
	GlobalSection(ProjectConfigurationPlatforms) = postSolution
		{004054F6-241F-4BFE-8796-CAF42D9D7405}.Debug|Any CPU.ActiveCfg = Debug|Any CPU
		{004054F6-241F-4BFE-8796-CAF42D9D7405}.Debug|Any CPU.Build.0 = Debug|Any CPU
		{004054F6-241F-4BFE-8796-CAF42D9D7405}.Release|Any CPU.ActiveCfg = Release|Any CPU
		{004054F6-241F-4BFE-8796-CAF42D9D7405}.Release|Any CPU.Build.0 = Release|Any CPU
		{0864EAC0-8C87-406E-9279-8F02264B8C3A}.Debug|Any CPU.ActiveCfg = Debug|Any CPU
		{0864EAC0-8C87-406E-9279-8F02264B8C3A}.Debug|Any CPU.Build.0 = Debug|Any CPU
		{0864EAC0-8C87-406E-9279-8F02264B8C3A}.Release|Any CPU.ActiveCfg = Release|Any CPU
		{0864EAC0-8C87-406E-9279-8F02264B8C3A}.Release|Any CPU.Build.0 = Release|Any CPU
	EndGlobalSection
	GlobalSection(SolutionProperties) = preSolution
		HideSolutionNode = FALSE
	EndGlobalSection
EndGlobal
